{
  "lockfileVersion": 2,
  "configVersion": 1,
  "workspaces": {
    "": {
      "name": "@es6-tween/workspace",
      "devDependencies": {
        "@biomejs/biome": "^2.5.15",
        "@commitlint/cli": "^21.2.3",
        "@commitlint/config-lerna-scopes": "^21.2.0",
        "@types/bun": "^1.4.2",
        "lefthook": "^2.1.17",
        "rumdl": "^0.2.78",
        "typescript": "^7.0.2",
      },
    },
    "packages/es6-tween": {
      "name": "es6-tween",
      "version": "5.5.11",
    },
    "packages/es6-tween-wgpu": {
      "name": "es6-tween-wgpu",
      "version": "0.1.0",
    },
    "packages/es6tween-parser-html": {
      "name": "es6tween-parser-html",
      "version": "0.1.0",
      "peerDependencies": {
        "es6-tween": "workspace:*",
      },
    },
    "packages/es6tween-physics": {
      "name": "es6tween-physics",
      "version": "0.0.4",
      "devDependencies": {
        "uglify-es": "^3.3.9",
      },
    },
    "packages/es6tween-plugin-attr": {
      "name": "es6tween-plugin-attr",
      "version": "0.0.9",
    },
    "packages/es6tween-plugin-css": {
      "name": "es6tween-plugin-css",
      "version": "0.0.6-deprecated",
    },
    "packages/es6tween-plugin-draw": {
      "name": "es6tween-plugin-draw",
      "version": "0.0.5",
      "devDependencies": {
        "uglify-js": "^3.19.3",
      },
    },
    "packages/es6tween-plugin-event": {
      "name": "es6tween-plugin-event",
      "version": "1.0.2",
      "devDependencies": {
        "uglify-js": "^3.19.3",
      },
    },
    "packages/es6tween-plugin-keyframe": {
      "name": "es6tween-plugin-keyframe",
      "version": "1.0.2",
      "devDependencies": {
        "uglify-js": "^3.19.3",
      },
    },
    "packages/es6tween-plugin-morph": {
      "name": "es6tween-plugin-morph",
      "version": "0.0.21",
      "dependencies": {
        "es6-tween": "^5.2.2",
        "flubber": "^0.4.2",
        "points.js": "^1.1.6",
        "svg-points": "^6.0.1",
      },
    },
    "packages/es6tween-plugin-render": {
      "name": "es6tween-plugin-render",
      "version": "0.0.16",
      "devDependencies": {
        "uglify-js": "^3.19.3",
      },
    },
    "packages/es6tween-plugin-scroll": {
      "name": "es6tween-plugin-scroll",
      "version": "0.0.13",
      "devDependencies": {
        "uglify-js": "^3.19.3",
      },
    },
    "packages/es6tween-plugin-scrollfast": {
      "name": "es6tween-plugin-scrollfast",
      "version": "0.0.5",
      "devDependencies": {
        "uglify-js": "^3.19.3",
      },
    },
    "packages/es6tween-plugin-three": {
      "name": "es6tween-plugin-three",
      "version": "0.0.7",
      "devDependencies": {
        "uglify-js": "^3.19.3",
      },
    },
    "packages/es6tween-plugin-transform": {
      "name": "es6tween-plugin-transform",
      "version": "0.0.9-deprecated",
    },
    "packages/es6tween-plugin-typer": {
      "name": "es6tween-plugin-typer",
      "version": "0.0.11",
      "devDependencies": {
        "uglify-js": "^3.19.3",
      },
    },
    "packages/es6tween-tool-createui": {
      "name": "es6tween-tool-createui",
      "version": "0.0.12",
      "devDependencies": {
        "uglify-js": "^3.19.3",
        "uglifycss": "0.0.29",
      },
    },
  },
  "trustedDependencies": [
    "lefthook",
  ],
  "packages": {
    "@babel/code-frame": ["@babel/code-frame@7.29.7", "", { "dependencies": { "@babel/helper-validator-identifier": "^7.29.7", "js-tokens": "^4.0.0", "picocolors": "^1.1.1" } }, "sha512-Aup7aUOfpbAUg2ROOJN6Iw5f9DMBlzu0mIkm/malLQFN/YQgO48wCj0Kxa3sEHJvPVFg7siR+qRInwXd2qhQKw=="],

    "@babel/helper-validator-identifier": ["@babel/helper-validator-identifier@7.29.7", "", {}, "sha512-qehxGkRj55h/ff8EMaJ+cYhyaKlHIxqYDn682wQD7RNp9UujOQsHog2uS0r2vzr4pW+sXf90NeeayjcNaX3fFg=="],

    "@biomejs/biome": ["@biomejs/biome@2.5.15", "", { "optionalDependencies": { "@biomejs/cli-darwin-arm64": "2.5.15", "@biomejs/cli-darwin-x64": "2.5.15", "@biomejs/cli-linux-arm64": "2.5.15", "@biomejs/cli-linux-arm64-musl": "2.5.15", "@biomejs/cli-linux-x64": "2.5.15", "@biomejs/cli-linux-x64-musl": "2.5.15", "@biomejs/cli-win32-arm64": "2.5.15", "@biomejs/cli-win32-x64": "2.5.15" }, "bin": { "biome": "bin/biome" } }, "sha512-WZTW4slm/pdkh92K6t/3aEN++44JD1PQ7squ7RCMLI1flHGl43DVOIGXvCjHiZgBMO1V4uYxoFNtqrIA4qGuIQ=="],

    "@biomejs/cli-darwin-arm64": ["@biomejs/cli-darwin-arm64@2.5.15", "", { "os": "darwin", "cpu": "arm64" }, "sha512-BZVzFhJ/mUvTLMYbc9x6el0o2Uv5zP7bACYyhFb6fSc1giroXm7PL0a5KqMJ9F+/BnkYRjagD/ROSDVOZ6eapg=="],

    "@biomejs/cli-darwin-x64": ["@biomejs/cli-darwin-x64@2.5.15", "", { "os": "darwin", "cpu": "x64" }, "sha512-V5Kw63V+fVGNFhFrizDxMbGXAzZCh8kYzJpy3GI6gTapWDg7bZK9oYC9CbVgQSEdTnupz0U5Efz8Ev+5vdBBXw=="],

    "@biomejs/cli-linux-arm64": ["@biomejs/cli-linux-arm64@2.5.15", "", { "os": "linux", "cpu": "arm64" }, "sha512-XaG7P7eeSLYETD3K9grfB0mQmpLQZjygdbsxekWBJAg4am79fGAtRpfRyNnTvXB2fZFNnJZG3nXm7HBat0+VUw=="],

    "@biomejs/cli-linux-arm64-musl": ["@biomejs/cli-linux-arm64-musl@2.5.15", "", { "os": "linux", "cpu": "arm64" }, "sha512-tGzZUTcJCV7tj5Adh/Gn6nR4MycqA3iohq2LEcrarAgRBkU0h0OKd2UzCRkOsOYOuUGaUJb4YmqRqyy2feGGSw=="],

    "@biomejs/cli-linux-x64": ["@biomejs/cli-linux-x64@2.5.15", "", { "os": "linux", "cpu": "x64" }, "sha512-xE4iEW/3LqlYj9GFgGrFsFSH51dEEpUbYWBfeOv0q87WkUDxK2o/HhreSb7qMJqck70RVM6Lg96hgedcAYcOkA=="],

    "@biomejs/cli-linux-x64-musl": ["@biomejs/cli-linux-x64-musl@2.5.15", "", { "os": "linux", "cpu": "x64" }, "sha512-IlxUcyxilVGPsE008x13pWdkTbU3nQpP2i9b5UrbOYj6goBkKsRX1XB7yJLcV+O1H9LBchIIm4adOaVLZBX0ZQ=="],

    "@biomejs/cli-win32-arm64": ["@biomejs/cli-win32-arm64@2.5.15", "", { "os": "win32", "cpu": "arm64" }, "sha512-2kPKzhNlm8C+Ru3GcO0Me2ODkCBLrVOUNuyi84RJyWDVKAA4+Kjj3jMjL938lF6BRfvltC4vB2nPY9SvN51Ovg=="],

    "@biomejs/cli-win32-x64": ["@biomejs/cli-win32-x64@2.5.15", "", { "os": "win32", "cpu": "x64" }, "sha512-yAzh4UqEImV6Hcy0zjUqNfJAsUhoD64FBQCdTG8Md/Z2wQeVP/ZmJ3XRYAs1g8J9fjTFyl2fCtc5FB5til47+g=="],

    "@commitlint/cli": ["@commitlint/cli@21.2.3", "", { "dependencies": { "@commitlint/config-conventional": "^21.2.3", "@commitlint/format": "^21.2.3", "@commitlint/lint": "^21.2.3", "@commitlint/load": "^21.2.3", "@commitlint/read": "^21.2.3", "@commitlint/types": "^21.2.3", "tinyexec": "^1.0.0", "yargs": "^18.0.0" }, "bin": { "commitlint": "cli.js" } }, "sha512-5yOX6IRjcrIReCxpyAd04hgI/yhUMpVBJ/ouwFV0wk9yx5+fYRDWZWJ5h55Tbedgfol+5m2mU5nqzbB8g3v0vQ=="],

    "@commitlint/config-conventional": ["@commitlint/config-conventional@21.2.3", "", { "dependencies": { "@commitlint/types": "^21.2.3", "conventional-changelog-conventionalcommits": "^10.0.0" } }, "sha512-EP2n5DN2GwRWNVrLX0Jx3mpQlW5PfFi9HnD9OJ8hN/H0xFqpCFyHeGDhg+0P8/21iMMcdkcQgbNqmVklebqYsQ=="],

    "@commitlint/config-lerna-scopes": ["@commitlint/config-lerna-scopes@21.2.0", "", { "dependencies": { "@commitlint/config-workspace-scopes": "^21.2.0" }, "peerDependencies": { "lerna": "*" }, "optionalPeers": ["lerna"] }, "sha512-Qm8/icwmhSbOuKjYC3RRIrzoh1AUhI/pCiLYdmDW2l2AVWJ9LOkTVuRza4DGCe2JFfEXpBMgWzPzeCStf5OtZA=="],

    "@commitlint/config-validator": ["@commitlint/config-validator@21.2.3", "", { "dependencies": { "@commitlint/types": "^21.2.3", "ajv": "^8.11.0" } }, "sha512-JQ13v0GafSM4fBYX8UowSy++07Was20auq0NcTdnzSEq6/05Cq5GBUMIfKkqjzyBwC9sJFmPpKWgLLhH7cygkw=="],

    "@commitlint/config-workspace-scopes": ["@commitlint/config-workspace-scopes@21.2.0", "", {}, "sha512-WBUoQkNzvBgvgceluQ8kC+UqHkGaVmGaK0bKN3Cx9yN+H+v8KHuGlRpyn+BIIb6Df5RJkDEjXmRaxx0OYPGMbg=="],

    "@commitlint/ensure": ["@commitlint/ensure@21.2.3", "", { "dependencies": { "@commitlint/types": "^21.2.3", "es-toolkit": "^1.46.0" } }, "sha512-gEjNKgRocbODI5/sMx2Qc9XOf2/zFTNV2aEK1QZ4gKDKxDC/VR7us3QtIX1C5d5xxHxx0I/tEbYbdSP1Am2LwA=="],

    "@commitlint/execute-rule": ["@commitlint/execute-rule@21.0.1", "", {}, "sha512-RifH+FmImozKBE6mozhF4K3r2RRKP7SMi/Q/zLCmExtp5e05lhHOUYqGBlFBAGNHaZxU/WYw1XuugYK9jQzqnA=="],

    "@commitlint/format": ["@commitlint/format@21.2.3", "", { "dependencies": { "@commitlint/types": "^21.2.3", "picocolors": "^1.1.1" } }, "sha512-KKwCjXYqA8r295uhLnulDXL9yekdXmj2yp2Q0XsBPhxQ2iPuvRE8F43j7g7yexo69wTdmUQmFz15jpderluzUQ=="],

    "@commitlint/is-ignored": ["@commitlint/is-ignored@21.2.3", "", { "dependencies": { "@commitlint/types": "^21.2.3", "semver": "^7.6.0" } }, "sha512-Ng4nRj/LBAOvc+GQu7bsFW4/fL89LvZ14OOC/ERLbUpnG6QBwWRzY/1oXGwPs3C8YHWjJObin4kLYo2YeEn70w=="],

    "@commitlint/lint": ["@commitlint/lint@21.2.3", "", { "dependencies": { "@commitlint/is-ignored": "^21.2.3", "@commitlint/parse": "^21.2.3", "@commitlint/rules": "^21.2.3", "@commitlint/types": "^21.2.3" } }, "sha512-lUZcSuVLLEDkhge9ERk8Rp+FXQtrUhCK+h328BFnzKXrTuXGdqiYMEpTlNWdZaOrjyMhMJaz354ZaWEGJxcLeg=="],

    "@commitlint/load": ["@commitlint/load@21.2.3", "", { "dependencies": { "@commitlint/config-validator": "^21.2.3", "@commitlint/execute-rule": "^21.0.1", "@commitlint/resolve-extends": "^21.2.3", "@commitlint/types": "^21.2.3", "cosmiconfig": "^9.0.1", "cosmiconfig-typescript-loader": "^6.1.0", "es-toolkit": "^1.46.0", "is-plain-obj": "^4.1.0", "picocolors": "^1.1.1" } }, "sha512-cDrL8lOo23Lk7knGzQdjbFcq7z2JgvjwV6PhbESVvEc+Fe21MeLjPKBJi8nKjg7j+jh79CVbVSUbZc104thXRw=="],

    "@commitlint/message": ["@commitlint/message@21.2.0", "", {}, "sha512-YxGoiXD/HXNXLJPrQwE5poXa+XH0CBEm+mdvbHQP0g6MV/dmJyUFCzPNzZbxL93GvZ70TmtTK0Z0/IBpAqHv8g=="],

    "@commitlint/parse": ["@commitlint/parse@21.2.3", "", { "dependencies": { "@commitlint/types": "^21.2.3", "conventional-changelog-angular": "^9.0.0", "conventional-commits-parser": "^7.0.0" } }, "sha512-Jt61QpF1xA88damCELe8I0FlDZPSpXNc8IhN7z5kZ0EcDYPjdZ+ZHPvsSXl69r2MIlLnNKeHhOn2cmVpziFE9w=="],

    "@commitlint/read": ["@commitlint/read@21.2.3", "", { "dependencies": { "@commitlint/top-level": "^21.2.0", "@commitlint/types": "^21.2.3", "@conventional-changelog/git-client": "^3.0.0", "tinyexec": "^1.0.0" } }, "sha512-szAepuLA1vTTr7fuudEg7jYyVHudf+FH+vptU91bhxE1WnE8TKrfTAi44HVllz8XpI8Pvp4GjR/iP5Nshgh+og=="],

    "@commitlint/resolve-extends": ["@commitlint/resolve-extends@21.2.3", "", { "dependencies": { "@commitlint/config-validator": "^21.2.3", "@commitlint/types": "^21.2.3", "es-toolkit": "^1.46.0", "global-directory": "^5.0.0", "resolve-from": "^5.0.0" } }, "sha512-bqJdmAtXgAQel+l02uIsF7rHgKgx1AGZdGBjam7uK4XW54ZAQtB6XAIUXezYprQiCcRMpBh4fHs5JodXK4mVZA=="],

    "@commitlint/rules": ["@commitlint/rules@21.2.3", "", { "dependencies": { "@commitlint/ensure": "^21.2.3", "@commitlint/message": "^21.2.0", "@commitlint/to-lines": "^21.0.1", "@commitlint/types": "^21.2.3" } }, "sha512-5+YnI/LuTx3JDl9GjqfP2z9x96M8KKDrd+4jOel/T0L1BB3oAmBlSN8xppf63QsudiVEgR8C0gRoAMrPVrms6g=="],

    "@commitlint/to-lines": ["@commitlint/to-lines@21.0.1", "", {}, "sha512-bd1BFII7p1EQZre9Kaj+kKaMFP3cFCdt21K7DItVux9XP5WjLgJ0/Uy1pJJh9aPwVJ6SKg62PxqlZaHI8hQAXw=="],

    "@commitlint/top-level": ["@commitlint/top-level@21.2.0", "", { "dependencies": { "escalade": "^3.2.0" } }, "sha512-Y5gmQ+KxzqCrBFJfLvFEPvvwD3LDiNZoTT2yeFBm96M8qhmqSzQc5DvX3rheAaAMjyIvMXOCLS/mWfdpONsjyQ=="],

    "@commitlint/types": ["@commitlint/types@21.2.3", "", { "dependencies": { "conventional-commits-parser": "^7.0.0", "picocolors": "^1.1.1" } }, "sha512-sGEA473TlCvhCGNoTBY9OXZVWdscIXdGt0dm8EpB+2MRfmt8LNh/X56P/T3nCtEB+eH5qGEa3odphSAoUxSfSQ=="],

    "@conventional-changelog/git-client": ["@conventional-changelog/git-client@3.2.0", "", { "dependencies": { "@simple-libs/child-process-utils": "^2.0.0", "@simple-libs/stream-utils": "^2.0.0", "verkit": "^0.5.0" }, "peerDependencies": { "conventional-commits-filter": "^6.0.1", "conventional-commits-parser": "^7.1.3" }, "optionalPeers": ["conventional-commits-filter", "conventional-commits-parser"] }, "sha512-sD/E0vzpkoDz/dqM1Hhv0ihC4KBw6RXjefeO8SG1XrX+wGkMxe1pKeedkKDPCtr2JjuhbuS9aJNgOvnT8hbeBw=="],

    "@conventional-changelog/template": ["@conventional-changelog/template@1.4.0", "", {}, "sha512-aalGyl7dbB5PArRebDIX43ZvBlXrYm9uWzGJ26t+4SzJVPsOuvfILGGbw5X4yX7i50YEmJ8zvbiWnqH/AAnZqg=="],

    "@rumdl/cli-darwin-arm64": ["@rumdl/cli-darwin-arm64@0.2.78", "", { "os": "darwin", "cpu": "arm64" }, "sha512-wuY7EL6Eda+2LyrOROr1OsenfxASDX/Zo8yel6HTmulhpUmjR1G4Bfr45KRii4pSr1e+WlGAgOejHY+AVT7suw=="],

    "@rumdl/cli-darwin-x64": ["@rumdl/cli-darwin-x64@0.2.78", "", { "os": "darwin", "cpu": "x64" }, "sha512-L1Zz8/0i0qwkncx3/SirHsTQDgqav4R91wp9EFVcp54mKxbpOejZm14/dCzJ0LRzypkBRNECmCYG4H86g6gTiA=="],

    "@rumdl/cli-linux-arm64": ["@rumdl/cli-linux-arm64@0.2.78", "", { "os": "linux", "cpu": "arm64" }, "sha512-j3r4Fe8+iydQSLUlko5apW4bvLITvD+Kqp848kZE7NzGhgKPRTlm9nFqrpQnZ2dBWjBCxa5Lj4b3O7BjdWRo1Q=="],

    "@rumdl/cli-linux-arm64-musl": ["@rumdl/cli-linux-arm64-musl@0.2.78", "", { "os": "linux", "cpu": "arm64" }, "sha512-1zRG9dOGiasBR4R8/qAoMzVRBjT9yeB8ysCoXemJHM5KiRJidw6NM336BOkAT4Ujj/FWgZcpCLE/iQBvtItnmw=="],

    "@rumdl/cli-linux-x64": ["@rumdl/cli-linux-x64@0.2.78", "", { "os": "linux", "cpu": "x64" }, "sha512-zkrnqmxV+/eBDVg98TDPW3ZSL8CfXjwm1QsOO/vEREa5cgbE03iUP1D/UJE3z4Rypv2GRcnRiOtgsuhhebOEgA=="],

    "@rumdl/cli-linux-x64-musl": ["@rumdl/cli-linux-x64-musl@0.2.78", "", { "os": "linux", "cpu": "x64" }, "sha512-E477aK9qrunFkE4XTNZLrfz5BU4KS+W13VnjTv5Qh8fdxlAVxlh6aWoYB7BzbzXQSEgNe/yi1u3r3EHcwgP+dw=="],

    "@rumdl/cli-win32-x64": ["@rumdl/cli-win32-x64@0.2.78", "", { "os": "win32", "cpu": "x64" }, "sha512-4DaBXu3tFVNc/2eflJADguC4Hf8ookxYh3ie7XsLFxYEJrfXeGqD1j1ZIVXg+dZDG22+R1VEwFT6JsCOG3ntWA=="],

    "@simple-libs/child-process-utils": ["@simple-libs/child-process-utils@2.0.0", "", { "dependencies": { "@simple-libs/stream-utils": "^2.0.0" } }, "sha512-dvNoRKLijXnD0XoJAz94pbNuB5GQgDr55UhpSPhffDkTT0Cmcqh9jSCOtwfT2d4H6MI9E7c4SgtMuJXZ6F3c6A=="],

    "@simple-libs/stream-utils": ["@simple-libs/stream-utils@2.0.0", "", {}, "sha512-fCTuZK4QBa+39Oz9l4OGfJfz+GpwCp3AqO7Zch3to99xHPgstVsRFpeQ8LNd2o1Gv8raL2mCFwiaHh7bFSp5DQ=="],

    "@types/bun": ["@types/bun@1.4.2", "", { "dependencies": { "bun-types": "1.4.2" } }, "sha512-GimotNn7+ZV0uVArItBbriZsR1oNf0+WTzPkdcFrzShI7k2norL0uzEaJT8T33dWr7O/c9ZDuAFQrctKCi72oQ=="],

    "@types/node": ["@types/node@26.6.4", "", { "dependencies": { "undici-types": "~8.9.0" } }, "sha512-ldVPDCzj7fsaGZrLB0NuHuTvJcsNasysBAqMolr/cgxrLd1xbqxIr3XJiPnHHJUCxj5sNF1vnRj9aWnrVh5Jcg=="],

    "@typescript/typescript-aix-ppc64": ["@typescript/typescript-aix-ppc64@7.0.2", "", { "os": "aix", "cpu": "ppc64" }, "sha512-MTKKkWB7p/0E9xi1d1tHtZ5PiLkGEMIq88pK2CubZjOsLtYTLqhgIgi6zepFa+9GHZ6h05NMCkQxGKiPXMxXtQ=="],

    "@typescript/typescript-darwin-arm64": ["@typescript/typescript-darwin-arm64@7.0.2", "", { "os": "darwin", "cpu": "arm64" }, "sha512-gowzar9MwS/aRWp6f3a4KUqzRjAZjOsmGNCM6LcTgXum+dBfgsBVMN+AgvOCCbguXyick6LJhpBszxMebJ8syA=="],

    "@typescript/typescript-darwin-x64": ["@typescript/typescript-darwin-x64@7.0.2", "", { "os": "darwin", "cpu": "x64" }, "sha512-SZ9xZInqApNlNGc9s0W1VSsktYSOe9cFqNOIqmN1Gs8SmkjKZYFt017G4VwPxASInODuAdbTW7sXiFUf893RgA=="],

    "@typescript/typescript-freebsd-arm64": ["@typescript/typescript-freebsd-arm64@7.0.2", "", { "os": "freebsd", "cpu": "arm64" }, "sha512-W5NH4y/J0plIIS5b2xvTEkU7JFxyqdMAOgf+Ilhl0vHQXKO5dZoxd+C/jEtq56c4F3wk71RB4BMRQ2XdI+bwYQ=="],

    "@typescript/typescript-freebsd-x64": ["@typescript/typescript-freebsd-x64@7.0.2", "", { "os": "freebsd", "cpu": "x64" }, "sha512-UMGDx5sTpzNw3WiPebH7l90IWfJggEd+egHt/q6p7/Cm3zqoV7VxkGXt+3DxPIw8CcmvAB0j3sVVfbhX+M4Tpw=="],

    "@typescript/typescript-linux-arm": ["@typescript/typescript-linux-arm@7.0.2", "", { "os": "linux", "cpu": "arm" }, "sha512-gffT3xPz9sR7j/YJExkyPntrI0P2EP9XbOyWzth2/Gs0RstK+90RBcO0ncXoXy/beYll1SXw846Nf2zdnEz0QQ=="],

    "@typescript/typescript-linux-arm64": ["@typescript/typescript-linux-arm64@7.0.2", "", { "os": "linux", "cpu": "arm64" }, "sha512-Qh4eU4/y3yDjnfjjyPYihMj5/ODIlmt+Bzu17OI+fiSRDW57QmU5SiN63exPRNJPKUzcc1INa1NXdrJ+MqHjUQ=="],

    "@typescript/typescript-linux-loong64": ["@typescript/typescript-linux-loong64@7.0.2", "", { "os": "linux", "cpu": "none" }, "sha512-uEHck9i8hoAzXPiYRib1O7miOnz23SxIeVl6F4LXox+qov1K35jHcEW6VHKvZI+pyvl7fZEP4MCU5LYvIq1GuQ=="],

    "@typescript/typescript-linux-mips64el": ["@typescript/typescript-linux-mips64el@7.0.2", "", { "os": "linux", "cpu": "none" }, "sha512-R4KvAMnE43W5Qeqb0Ly56O3mWMWIAgsMyz36DCaycd5nbg/9kzm0liw3JocfRqyJY0KPmzFjbswozXyW0DnIYA=="],

    "@typescript/typescript-linux-ppc64": ["@typescript/typescript-linux-ppc64@7.0.2", "", { "os": "linux", "cpu": "ppc64" }, "sha512-DORx5b3sd/4S7eayxm4FQv+A7CrkUIGRaHiwI8oiHTAI1fAPWhF4J0vAlkC8biAlHSVVwxMQ3tjZ2/DVbnQiiA=="],

    "@typescript/typescript-linux-riscv64": ["@typescript/typescript-linux-riscv64@7.0.2", "", { "os": "linux", "cpu": "none" }, "sha512-wf0jqEDOjrPRnKwYRyyJDRo11KMbvMFrU+q4zqKyChODBzvlkbhNQfKvLxQCcwTpdDaXSHZTVuh0JoCrKCUMHQ=="],

    "@typescript/typescript-linux-s390x": ["@typescript/typescript-linux-s390x@7.0.2", "", { "os": "linux", "cpu": "s390x" }, "sha512-IkwJc3L7yhytWd/ewjyxNDfOmswCm9GWMJT/ue/dU4aZNbwZeYAetq42VyLmsmSjvoX7z74X6ZaYCtzAr0EuGw=="],

    "@typescript/typescript-linux-x64": ["@typescript/typescript-linux-x64@7.0.2", "", { "os": "linux", "cpu": "x64" }, "sha512-EYdf2cNg7rgCWJnxCdJ+F3V39O8ihb37eHAu1LK8oAFizgTQbPOK7zHHXbPt8rX24COqODXeI3sIf0fCXG7H/A=="],

    "@typescript/typescript-netbsd-arm64": ["@typescript/typescript-netbsd-arm64@7.0.2", "", { "os": "none", "cpu": "arm64" }, "sha512-+polYF4MF04aPpO5FTkHran9yUQDSXqy5GiSDKpsll5jy3l3+g9QLhpf39T+ePtefhXLOGrLl0QIjkQP6VnelA=="],

    "@typescript/typescript-netbsd-x64": ["@typescript/typescript-netbsd-x64@7.0.2", "", { "os": "none", "cpu": "x64" }, "sha512-8YIT0EHM/3dq10ZOVF/A7pc/YSMtbcecct4rWtexrnSCHOPcpC2KTLXfTCR6vDpnSiY12heNb1GiN/wu+T/FyA=="],

    "@typescript/typescript-openbsd-arm64": ["@typescript/typescript-openbsd-arm64@7.0.2", "", { "os": "openbsd", "cpu": "arm64" }, "sha512-APT8+ClYnuYm1u9+kgGXoMj2VzWzcymwh2gNSQVySHfkRDGOTVkoWLjCmOQSaO+PoqQ57B0flRp9SA+7GnnkzQ=="],

    "@typescript/typescript-openbsd-x64": ["@typescript/typescript-openbsd-x64@7.0.2", "", { "os": "openbsd", "cpu": "x64" }, "sha512-yX7s+Q0Dln0Dt9tEzZsAjXXR/+ytBM7AlglaqyeMPxQszJ1JhlJdZ6jLA+IzldHtflX81em7lDao1xXu+aRRkg=="],

    "@typescript/typescript-sunos-x64": ["@typescript/typescript-sunos-x64@7.0.2", "", { "os": "sunos", "cpu": "x64" }, "sha512-dLJDGaLZ1D4HPQn62u1n8mBDkJREwMsAkCdkwd4Ieqw+x3TUyTsqY0YiBCtE6H6OzzgGk3iuZ3vFWRS+E8/d1g=="],

    "@typescript/typescript-win32-arm64": ["@typescript/typescript-win32-arm64@7.0.2", "", { "os": "win32", "cpu": "arm64" }, "sha512-Gyl1Vy6OsWesLzmq+EP0Fb7b4Nid5232AvcA2SFcdYreldpNtYFFofPjnt62y9hQy7VTaZp65ICJjuAQRaVcIQ=="],

    "@typescript/typescript-win32-x64": ["@typescript/typescript-win32-x64@7.0.2", "", { "os": "win32", "cpu": "x64" }, "sha512-0BQ3HkAHHlKLSp1qRvf3SUhGpGsDuhB/jgFw75guyqbxJqEaS0Cw/VFO8i2nHglJUzQCRtMMR/IBAKE3ETMC4g=="],

    "ajv": ["ajv@8.20.0", "", { "dependencies": { "fast-deep-equal": "^3.1.3", "fast-uri": "^3.0.1", "json-schema-traverse": "^1.0.0", "require-from-string": "^2.0.2" } }, "sha512-Thbli+OlOj+iMPYFBVBfJ3OmCAnaSyNn4M1vz9T6Gka5Jt9ba/HIR56joy65tY6kx/FCF5VXNB819Y7/GUrBGA=="],

    "ansi-regex": ["ansi-regex@6.4.0", "", {}, "sha512-KzTVk2tCWAHtYrvvvaP8bJKJq2pVinhLcGEQdtLIYPbmNGNyYe8QwNaTUYQp2J7/vIsUKt5QCqAfUkYyG9DkOw=="],

    "ansi-styles": ["ansi-styles@6.2.3", "", {}, "sha512-4Dj6M28JB+oAH8kFkTLUo+a2jwOFkuqb3yucU0CANcRRUbxS0cP0nZYCGjcc3BNXwRIsUVmDGgzawme7zvJHvg=="],

    "approximate-curve": ["approximate-curve@0.0.1", "", {}, "sha512-SkqP6SUyS1ZV8dRovDwDXAxa7yr5ncPvy1ec95HhNTi9ezRRd0nV6ibOzmOqUITGx+tWRydNVOg6GIzzun8nDQ=="],

    "argparse": ["argparse@2.0.1", "", {}, "sha512-8+9WqebbFzpX9OR+Wa6O29asIogeRMzcGtAINdpMHHyAg10f05aSFVBbcEqGf/PXw1EjAZ+q2/bEBg3DvurK3Q=="],

    "argue-cli": ["argue-cli@3.2.0", "", {}, "sha512-VipTB0gXgGIFO2Rg9yEVN5wLt2AurJcZqDbgmYSwPwsykhLrQhs240/bfceev4w68lI8JshoOJIk9uW7tFzROw=="],

    "bun-types": ["bun-types@1.4.2", "", { "dependencies": { "@types/node": "*" } }, "sha512-bxV1FgK7yBIzjRe5zBozIM4Bem11ZJcCXSrjWRG3YWLt8yFDePu4cLjpebO8OvPeIE9trbyPF4fuj3Cia4Fj3w=="],

    "callsites": ["callsites@3.1.0", "", {}, "sha512-P8BjAsXvZS+VIDUI11hHCQEv74YT67YUi5JJFNWIqL235sBmjX4+qx9Muvls5ivyNENctx46xQLQ3aTuE7ssaQ=="],

    "cliui": ["cliui@9.0.1", "", { "dependencies": { "string-width": "^7.2.0", "strip-ansi": "^7.1.0", "wrap-ansi": "^9.0.0" } }, "sha512-k7ndgKhwoQveBL+/1tqGJYNz097I7WOvwbmmU2AR5+magtbjPWQTS1C5vzGkBC8Ym8UWRzfKUzUUqFLypY4Q+w=="],

    "commander": ["commander@2.13.0", "", {}, "sha512-MVuS359B+YzaWqjCL/c+22gfryv+mCBPHAv3zyVI2GN8EY6IRP8VwtasXn8jyyhvvq84R4ImN1OKRtcbIasjYA=="],

    "conventional-changelog-angular": ["conventional-changelog-angular@9.4.0", "", { "dependencies": { "@conventional-changelog/template": "^1.4.0" } }, "sha512-HdxRxuS8bBXVIuo4V82gvSwAXT0vYQUizrjs/izmPg5JdDstr8v8I5hduGL3iQbG+o310dUDxC4+LetuS5hu9w=="],

    "conventional-changelog-conventionalcommits": ["conventional-changelog-conventionalcommits@10.4.1", "", { "dependencies": { "@conventional-changelog/template": "^1.4.0" } }, "sha512-jS1LRFSbRoAr6JbhhRy1JYfNNUj5LM3+v49hRE03CgccsiYqgdVj/RTmrw4J1rylrqijHwdOlJWiJa61JHOgHg=="],

    "conventional-commits-parser": ["conventional-commits-parser@7.1.3", "", { "dependencies": { "@simple-libs/stream-utils": "^2.0.0", "argue-cli": "^3.1.0" }, "bin": { "conventional-commits-parser": "./dist/cli/index.js" } }, "sha512-Q9oWm1o9uy/oEsZQIraoFMZ4RuPD+79KgwWj6mJVP356tazolCB0piRLZ5Kz9te9p027uSEcUW+Gu44Eh+X79g=="],

    "cosmiconfig": ["cosmiconfig@9.0.2", "", { "dependencies": { "env-paths": "^2.2.1", "import-fresh": "^3.3.0", "js-yaml": "^4.1.0", "parse-json": "^5.2.0" }, "peerDependencies": { "typescript": ">=4.9.5" }, "optionalPeers": ["typescript"] }, "sha512-gtTZxTDau1wL7Y7zifc2dd8jHSK/k6BTx/2Xp/BpdlAdnlYWFVt7qhJqgwi7637yRwRQ3qL4ZidbB4I8tA5VOg=="],

    "cosmiconfig-typescript-loader": ["cosmiconfig-typescript-loader@6.3.0", "", { "dependencies": { "jiti": "2.6.1" }, "peerDependencies": { "@types/node": "*", "cosmiconfig": ">=9", "typescript": ">=5" } }, "sha512-Akr82WH1Wfqatyiqpj8HDkO2o2KmJRu1FhKfSNJP3K4IdXwHfEyL7MOb62i1AGQVLtIQM+iCE9CGOtrfhR+mmA=="],

    "d3-array": ["d3-array@1.2.4", "", {}, "sha512-KHW6M86R+FUPYGb3R5XiYjXPq7VzwxZ22buHhAEVG5ztoEcZZMLov530mmccaqA1GghZArjQV46fuc8kUqhhHw=="],

    "d3-polygon": ["d3-polygon@1.0.6", "", {}, "sha512-k+RF7WvI08PC8reEoXa/w2nSg5AUMTi+peBD9cmFc+0ixHfbs4QmxxkarVal1IkVkgxVuk9JSHhJURHiyHKAuQ=="],

    "earcut": ["earcut@2.2.4", "", {}, "sha512-/pjZsA1b4RPHbeWZQn66SWS8nZZWLQQ23oE3Eam7aroEFGEvwKAsJfZ9ytiEMycfzXWpca4FA9QIOehf7PocBQ=="],

    "emoji-regex": ["emoji-regex@10.6.0", "", {}, "sha512-toUI84YS5YmxW219erniWD0CIVOo46xGKColeNQRgOzDorgBi1v4D71/OFzgD9GO2UGKIv1C3Sp8DAn0+j5w7A=="],

    "env-paths": ["env-paths@2.2.1", "", {}, "sha512-+h1lkLKhZMTYjog1VEpJNG7NZJWcuc2DDk/qsqSTRRCOXiLjeQ1d1/udrUGhqMxUgAlwKNZ0cf2uqan5GLuS2A=="],

    "error-ex": ["error-ex@1.3.4", "", { "dependencies": { "is-arrayish": "^0.2.1" } }, "sha512-sqQamAnR14VgCr1A618A3sGrygcpK+HEbenA/HiEAkkUwcZIIB/tgWqHFxWgOyDh4nB4JCRimh79dR5Ywc9MDQ=="],

    "es-toolkit": ["es-toolkit@1.52.0", "", {}, "sha512-XTNEJQh1tY1ZJVcf6ayP/2n4ZPyaHlW2FWs7xvw5ddPuhUVjLD3olQVQS7kf58JbAB48iL0uL/jerTrjtV3lDA=="],

    "es6-tween": ["es6-tween@workspace:packages/es6-tween"],

    "es6-tween-wgpu": ["es6-tween-wgpu@workspace:packages/es6-tween-wgpu"],

    "es6tween-parser-html": ["es6tween-parser-html@workspace:packages/es6tween-parser-html"],

    "es6tween-physics": ["es6tween-physics@workspace:packages/es6tween-physics"],

    "es6tween-plugin-attr": ["es6tween-plugin-attr@workspace:packages/es6tween-plugin-attr"],

    "es6tween-plugin-css": ["es6tween-plugin-css@workspace:packages/es6tween-plugin-css"],

    "es6tween-plugin-draw": ["es6tween-plugin-draw@workspace:packages/es6tween-plugin-draw"],

    "es6tween-plugin-event": ["es6tween-plugin-event@workspace:packages/es6tween-plugin-event"],

    "es6tween-plugin-keyframe": ["es6tween-plugin-keyframe@workspace:packages/es6tween-plugin-keyframe"],

    "es6tween-plugin-morph": ["es6tween-plugin-morph@workspace:packages/es6tween-plugin-morph"],

    "es6tween-plugin-render": ["es6tween-plugin-render@workspace:packages/es6tween-plugin-render"],

    "es6tween-plugin-scroll": ["es6tween-plugin-scroll@workspace:packages/es6tween-plugin-scroll"],

    "es6tween-plugin-scrollfast": ["es6tween-plugin-scrollfast@workspace:packages/es6tween-plugin-scrollfast"],

    "es6tween-plugin-three": ["es6tween-plugin-three@workspace:packages/es6tween-plugin-three"],

    "es6tween-plugin-transform": ["es6tween-plugin-transform@workspace:packages/es6tween-plugin-transform"],

    "es6tween-plugin-typer": ["es6tween-plugin-typer@workspace:packages/es6tween-plugin-typer"],

    "es6tween-tool-createui": ["es6tween-tool-createui@workspace:packages/es6tween-tool-createui"],

    "escalade": ["escalade@3.2.0", "", {}, "sha512-WUj2qlxaQtO4g6Pq5c29GTcWGDyd8itL8zTlipgECz3JesAiiOKotd8JU6otB3PACgG6xkJUyVhboMS+bje/jA=="],

    "fast-deep-equal": ["fast-deep-equal@3.1.3", "", {}, "sha512-f3qQ9oQy9j2AhBe/H9VC91wLmKBCCU/gDOnKNAYG5hswO7BLKj09Hc5HYNz9cGI++xlpDCIgDaitVs03ATR84Q=="],

    "fast-uri": ["fast-uri@3.1.8", "", {}, "sha512-GZMtZUTNRpOVIECoXwLNZS5xUGE+mVNbTB8h/7Rwh2TFWcBQiPzTgyZi05BF9UMZKkLJv8XBRJTlU7zg8+ZfMg=="],

    "flubber": ["flubber@0.4.2", "", { "dependencies": { "d3-array": "^1.2.0", "d3-polygon": "^1.0.3", "earcut": "^2.1.1", "svg-path-properties": "^0.2.1", "svgpath": "^2.2.1", "topojson-client": "^3.0.0" } }, "sha512-79RkJe3rA4nvRCVc2uXjj7U/BAUq84TS3KHn6c0Hr9K64vhj83ZNLUziNx4pJoBumSPhOl5VjH+Z0uhi+eE8Uw=="],

    "get-caller-file": ["get-caller-file@2.0.5", "", {}, "sha512-DyFP3BM/3YHTQOCUL/w0OZHR0lpKeGrxotcHWcqNEdnltqFwXVfhEBQ94eIo34AfQpo0rGki4cyIiftY06h2Fg=="],

    "get-east-asian-width": ["get-east-asian-width@1.7.0", "", {}, "sha512-XjH1AECxf0giL2V1aU8vKyRR2ppRUb5c0EvT7zuJTokQ74bNo52zOtghqdWIqrhUD79fo3x0WfKZdOqxF6LG1Q=="],

    "global-directory": ["global-directory@5.0.0", "", { "dependencies": { "ini": "6.0.0" } }, "sha512-1pgFdhK3J2LeM+dVf2Pd424yHx2ou338lC0ErNP2hPx4j8eW1Sp0XqSjNxtk6Tc4Kr5wlWtSvz8cn2yb7/SG/w=="],

    "import-fresh": ["import-fresh@3.3.1", "", { "dependencies": { "parent-module": "^1.0.0", "resolve-from": "^4.0.0" } }, "sha512-TR3KfrTZTYLPB6jUjfx6MF9WcWrHL9su5TObK4ZkYgBdWKPOFoSoQIdEuTuR82pmtxH2spWG9h6etwfr1pLBqQ=="],

    "ini": ["ini@6.0.0", "", {}, "sha512-IBTdIkzZNOpqm7q3dRqJvMaldXjDHWkEDfrwGEQTs5eaQMWV+djAhR+wahyNNMAa+qpbDUhBMVt4ZKNwpPm7xQ=="],

    "is-arrayish": ["is-arrayish@0.2.1", "", {}, "sha512-zz06S8t0ozoDXMG+ube26zeCTNXcKIPJZJi8hBrF4idCLms4CG9QtK7qBl1boi5ODzFpjswb5JPmHCbMpjaYzg=="],

    "is-plain-obj": ["is-plain-obj@4.1.0", "", {}, "sha512-+Pgi+vMuUNkJyExiMBt5IlFoMyKnr5zhJ4Uspz58WOhBF5QoIZkFyNHIbBAtHwzVAgk5RtndVNsDRN61/mmDqg=="],

    "jiti": ["jiti@2.6.1", "", { "bin": { "jiti": "lib/jiti-cli.mjs" } }, "sha512-ekilCSN1jwRvIbgeg/57YFh8qQDNbwDb9xT/qu2DAHbFFZUicIl4ygVaAvzveMhMVr3LnpSKTNnwt8PoOfmKhQ=="],

    "js-tokens": ["js-tokens@4.0.0", "", {}, "sha512-RdJUflcE3cUzKiMqQgsCu06FPu9UdIJO0beYbPhHN4k6apgJtifcoCtT9bcxOpYBtpD2kCM6Sbzg4CausW/PKQ=="],

    "js-yaml": ["js-yaml@4.3.2", "", { "dependencies": { "argparse": "^2.0.1" }, "bin": { "js-yaml": "bin/js-yaml.js" } }, "sha512-SFNOvSJ+Dgf/9An904Yx+CgSlIPCkIpao4qo51lpee25TIRejdH3rhR4EZMGoNx3/TP3O+wzWuiTFl4sqbltzA=="],

    "json-parse-even-better-errors": ["json-parse-even-better-errors@2.3.1", "", {}, "sha512-xyFwyhro/JEof6Ghe2iz2NcXoj2sloNsWr/XsERDK/oiPCfaNhl5ONfp+jQdAZRQQ0IJWNzH9zIZF7li91kh2w=="],

    "json-schema-traverse": ["json-schema-traverse@1.0.0", "", {}, "sha512-NM8/P9n3XjXhIZn1lLhkFaACTOURQXjWhV4BA/RnOv8xvgqtqpAX9IO4mRQxSx1Rlo4tqzeqb0sOlruaOy3dug=="],

    "lefthook": ["lefthook@2.1.17", "", { "optionalDependencies": { "lefthook-darwin-arm64": "2.1.17", "lefthook-darwin-x64": "2.1.17", "lefthook-freebsd-arm64": "2.1.17", "lefthook-freebsd-x64": "2.1.17", "lefthook-linux-arm64": "2.1.17", "lefthook-linux-x64": "2.1.17", "lefthook-openbsd-arm64": "2.1.17", "lefthook-openbsd-x64": "2.1.17", "lefthook-windows-arm64": "2.1.17", "lefthook-windows-x64": "2.1.17" }, "bin": { "lefthook": "bin/index.js" } }, "sha512-UWpD0VvZNIA2eA/+x4DvFlIT7uxH7aPrPrShE6nsIrX5qHJXxgDkoslAzF73X/YL2o0/9zDw3aOfpr98XchKFw=="],

    "lefthook-darwin-arm64": ["lefthook-darwin-arm64@2.1.17", "", { "os": "darwin", "cpu": "arm64" }, "sha512-BHF3rD0qmwBulLLe5EdPYQVGvPibZZqHnSPpWT+LgPyYk2+GxtScLJvSD/NgCOFU49Fzs6XgOHg/zlfXcdKFfQ=="],

    "lefthook-darwin-x64": ["lefthook-darwin-x64@2.1.17", "", { "os": "darwin", "cpu": "x64" }, "sha512-wRgqAKw2UUQz8eR5pBRo1Cfk2Jaao3u5b6n8EsLcJ6bCVP0pLLhFrNjE1UsTCOlriN7+GgI9SC0l1+zr2eVbTA=="],

    "lefthook-freebsd-arm64": ["lefthook-freebsd-arm64@2.1.17", "", { "os": "freebsd", "cpu": "arm64" }, "sha512-pECdcOu/oImbaQyBbmnQyNhdpu1L/bUageBoHSesDB3+2vyHEd6Q3buTUETrI+/gsL993FK5jHnyzsY1X2IFsQ=="],

    "lefthook-freebsd-x64": ["lefthook-freebsd-x64@2.1.17", "", { "os": "freebsd", "cpu": "x64" }, "sha512-+z+GPl4mxZC0AcJICDazAWxExz4f8JPW7rvGUQ4Ao8flfmNUoyenrtsx9PUp00KdI+8zPjIujuLMSIEN52y1hQ=="],

    "lefthook-linux-arm64": ["lefthook-linux-arm64@2.1.17", "", { "os": "linux", "cpu": "arm64" }, "sha512-q01FgqafSJo4WQ6rHj4J1AUe8WLlReZ4Sx5qIjdXMjFuQsbLKlaWUWnJMmZkQQwsi195zDGtOycU44c0vozPiw=="],

    "lefthook-linux-x64": ["lefthook-linux-x64@2.1.17", "", { "os": "linux", "cpu": "x64" }, "sha512-NyWgJyhmkPspgnhNSvkusKNjCyOOnwiE/IFKkAFkMNfTlst0Dv3UVNxe0e/DlgsGbbFLVieFKhwd4twI2RKoOQ=="],

    "lefthook-openbsd-arm64": ["lefthook-openbsd-arm64@2.1.17", "", { "os": "openbsd", "cpu": "arm64" }, "sha512-zhIY2sel/yHeIJbQfnlAx+xnIJf6Yh0/RG/Ont33VzCXrzMf4jczQwEAu6VdAD7Ms/Tiv3b9t8aTk7LrU4byJA=="],

    "lefthook-openbsd-x64": ["lefthook-openbsd-x64@2.1.17", "", { "os": "openbsd", "cpu": "x64" }, "sha512-aHGnjzyyFBOQEJjmie7px67nNVRUJ+DUG2R/BOSABdH/sGwVYLg6GG0pjnSUkWPoIv3T+CFoG9YcGYO+h3MLoQ=="],

    "lefthook-windows-arm64": ["lefthook-windows-arm64@2.1.17", "", { "os": "win32", "cpu": "arm64" }, "sha512-NN6Ke+O019lhlGAbrbFDf719E4vGt0Y0O30Gr5Yoe3ZdFW6qQFOlP+gVq/shFvJ7iw6rFA/xyOu6wgM+Lytimg=="],

    "lefthook-windows-x64": ["lefthook-windows-x64@2.1.17", "", { "os": "win32", "cpu": "x64" }, "sha512-yV07jCYAzqr4UoMFtVs5frVgKzxppWd/tjr6OpXpxYqB47fomx3w9vxgEOlb2opODFTFm2wdeESLfwVO9Cy/DQ=="],

    "lines-and-columns": ["lines-and-columns@1.2.4", "", {}, "sha512-7ylylesZQ/PV29jhEDl3Ufjo6ZX7gCqJr5F7PKrqc93v7fzSymt1BpwEU8nAUXs8qzzvqhbjhK5QZg6Mt/HkBg=="],

    "parent-module": ["parent-module@1.0.1", "", { "dependencies": { "callsites": "^3.0.0" } }, "sha512-GQ2EWRpQV8/o+Aw8YqtfZZPfNRWZYkbidE9k5rpl/hC3vtHHBfGm2Ifi6qWV+coDGkrUKZAxE3Lot5kcsRlh+g=="],

    "parse-json": ["parse-json@5.2.0", "", { "dependencies": { "@babel/code-frame": "^7.0.0", "error-ex": "^1.3.1", "json-parse-even-better-errors": "^2.3.0", "lines-and-columns": "^1.1.6" } }, "sha512-ayCKvm/phCGxOkYRSCM82iDwct8/EonSEgCSxWxD7ve6jHggsFl4fZVQBPRNgQoKiuV/odhFrGzQXZwbifC8Rg=="],

    "picocolors": ["picocolors@1.1.1", "", {}, "sha512-xceH2snhtb5M9liqDsmEw56le376mTZkEX/jEb/RxNFyegNul7eNslCXP9FDj/Lcu0X8KEyMceP2ntpaHrDEVA=="],

    "points.js": ["points.js@1.1.6", "", { "dependencies": { "approximate-curve": "^0.0.1", "svg-points": "^6.0.1" } }, "sha512-d9leJIm9SB8v8mY5sVZg/UfE/BYA5nK3x1TBHUr4+bnzyPTPfjAKwt8hy7ysPsOtlVcsDt3HGqd3kDEyrEpzHA=="],

    "require-from-string": ["require-from-string@2.0.2", "", {}, "sha512-Xf0nWe6RseziFMu+Ap9biiUbmplq6S9/p+7w7YXP/JBHhrUDDUhwa+vANyubuqfZWTveU//DYVGsDG7RKL/vEw=="],

    "resolve-from": ["resolve-from@5.0.0", "", {}, "sha512-qYg9KP24dD5qka9J47d0aVky0N+b4fTU89LN9iDnjB5waksiC49rvMB0PrUJQGoTmH50XPiqOvAjDfaijGxYZw=="],

    "rumdl": ["rumdl@0.2.78", "", { "optionalDependencies": { "@rumdl/cli-darwin-arm64": "0.2.78", "@rumdl/cli-darwin-x64": "0.2.78", "@rumdl/cli-linux-arm64": "0.2.78", "@rumdl/cli-linux-arm64-musl": "0.2.78", "@rumdl/cli-linux-x64": "0.2.78", "@rumdl/cli-linux-x64-musl": "0.2.78", "@rumdl/cli-win32-x64": "0.2.78" }, "bin": { "rumdl": "bin/rumdl" } }, "sha512-nm40qNFQnrpYiLetMrsq14qaItqKT7cUoi7wtlTtx0n/3xWn6a7/ZwkgChvBbfP24cZQYz1n5IJ+DBPIrQQfFQ=="],

    "semver": ["semver@7.8.5", "", { "bin": { "semver": "bin/semver.js" } }, "sha512-Y7/KDsb8LjooZpwaqGyulO6DQlksgCncchHGk+sZIY4SBvUocMBEFH5Ur1fI4dV+Jvl0w6cjvucaIi40puRioA=="],

    "source-map": ["source-map@0.6.1", "", {}, "sha512-UjgapumWlbMhkBgzT7Ykc5YXUT46F0iKu8SGXq0bcwP5dz/h0Plj6enJqjz1Zbq2l5WaqYnrVbwWOWMyF3F47g=="],

    "string-width": ["string-width@8.3.0", "", { "dependencies": { "get-east-asian-width": "^1.5.0", "strip-ansi": "^7.1.2" } }, "sha512-ZbmZM0JCihQN91dWnxoipT2KOEyHqEyfRXUyjuRhW8b/xnqPDoq4gWEVApTVa9db2wN8mmoikgFBbjh71+cGeQ=="],

    "strip-ansi": ["strip-ansi@7.2.0", "", { "dependencies": { "ansi-regex": "^6.2.2" } }, "sha512-yDPMNjp4WyfYBkHnjIRLfca1i6KMyGCtsVgoKe/z1+6vukgaENdgGBZt+ZmKPc4gavvEZ5OgHfHdrazhgNyG7w=="],

    "svg-path-properties": ["svg-path-properties@0.2.2", "", {}, "sha512-GmrB+b6woz6CCdQe6w1GHs/1lt25l7SR5hmhF8jRdarpv/OgjLyuQygLu1makJapixeb1aQhP/Oa1iKi93o/aQ=="],

    "svg-points": ["svg-points@6.0.1", "", {}, "sha512-sk/rECk9OuutQvZYxvELj3xCkGaU0PoeIt809qDJZ4ttYj1WQEHzEB98fktjg9TeolGUajS/POzcWgr2Ztp2Cw=="],

    "svgpath": ["svgpath@2.6.0", "", {}, "sha512-OIWR6bKzXvdXYyO4DK/UWa1VA1JeKq8E+0ug2DG98Y/vOmMpfZNj+TIG988HjfYSqtcy/hFOtZq/n/j5GSESNg=="],

    "tinyexec": ["tinyexec@1.3.1", "", {}, "sha512-GCvB3aoys96IuDFBMcTB46JOR6mdMtAToqwiW8JlWhsoh1mhHi/xn9ss/Dg7N555GiJyEt2qzoG/NHCwM6h1EA=="],

    "topojson-client": ["topojson-client@3.1.0", "", { "dependencies": { "commander": "2" }, "bin": { "topo2geo": "bin/topo2geo", "topomerge": "bin/topomerge", "topoquantize": "bin/topoquantize" } }, "sha512-605uxS6bcYxGXw9qi62XyrV6Q3xwbndjachmNxu8HWTtVPxZfEJN9fd/SZS1Q54Sn2y0TMyMxFj/cJINqGHrKw=="],

    "typescript": ["typescript@7.0.2", "", { "optionalDependencies": { "@typescript/typescript-aix-ppc64": "7.0.2", "@typescript/typescript-darwin-arm64": "7.0.2", "@typescript/typescript-darwin-x64": "7.0.2", "@typescript/typescript-freebsd-arm64": "7.0.2", "@typescript/typescript-freebsd-x64": "7.0.2", "@typescript/typescript-linux-arm": "7.0.2", "@typescript/typescript-linux-arm64": "7.0.2", "@typescript/typescript-linux-loong64": "7.0.2", "@typescript/typescript-linux-mips64el": "7.0.2", "@typescript/typescript-linux-ppc64": "7.0.2", "@typescript/typescript-linux-riscv64": "7.0.2", "@typescript/typescript-linux-s390x": "7.0.2", "@typescript/typescript-linux-x64": "7.0.2", "@typescript/typescript-netbsd-arm64": "7.0.2", "@typescript/typescript-netbsd-x64": "7.0.2", "@typescript/typescript-openbsd-arm64": "7.0.2", "@typescript/typescript-openbsd-x64": "7.0.2", "@typescript/typescript-sunos-x64": "7.0.2", "@typescript/typescript-win32-arm64": "7.0.2", "@typescript/typescript-win32-x64": "7.0.2" }, "bin": { "tsc": "bin/tsc" } }, "sha512-8FYau96o3NKOhbjKi/qNvG/W5jhzxkbdm5sj9AbZ/5T5sWqn3hJgLfGx27sRKZWTvyzCP8dLRBTf5tBTSRVUNA=="],

    "uglify-es": ["uglify-es@3.3.9", "", { "dependencies": { "commander": "~2.13.0", "source-map": "~0.6.1" }, "bin": { "uglifyjs": "bin/uglifyjs" } }, "sha512-r+MU0rfv4L/0eeW3xZrd16t4NZfK8Ld4SWVglYBb7ez5uXFWHuVRs6xCTrf1yirs9a4j4Y27nn7SRfO6v67XsQ=="],

    "uglify-js": ["uglify-js@3.19.3", "", { "bin": { "uglifyjs": "bin/uglifyjs" } }, "sha512-v3Xu+yuwBXisp6QYTcH4UbH+xYJXqnq2m/LtQVWKWzYc1iehYnLixoQDN9FH6/j9/oybfd6W9Ghwkl8+UMKTKQ=="],

    "uglifycss": ["uglifycss@0.0.29", "", { "bin": { "uglifycss": "./uglifycss" } }, "sha512-J2SQ2QLjiknNGbNdScaNZsXgmMGI0kYNrXaDlr4obnPW9ni1jljb1NeEVWAiTgZ8z+EBWP2ozfT9vpy03rjlMQ=="],

    "undici-types": ["undici-types@8.9.0", "", {}, "sha512-KTDyRTYX8sWmKXAikPHHSyc63CRPETMctyjKFupcC6OBLXT3xsN0e9aF7m+mIXutFWpUXuedtowG7iLOzp0kQg=="],

    "verkit": ["verkit@0.5.0", "", {}, "sha512-u4J1hr6Y+C/hit34GwL3eIcUf3wngT8TlYUjK7tk0jxydKLAq3sYvifjdTDA6U3KCKRcQCQDGf/srjxfZF3l7g=="],

    "wrap-ansi": ["wrap-ansi@9.0.2", "", { "dependencies": { "ansi-styles": "^6.2.1", "string-width": "^7.0.0", "strip-ansi": "^7.1.0" } }, "sha512-42AtmgqjV+X1VpdOfyTGOYRi0/zsoLqtXQckTmqTeybT+BDIbM/Guxo7x3pE2vtpr1ok6xRqM9OpBe+Jyoqyww=="],

    "y18n": ["y18n@5.0.8", "", {}, "sha512-0pfFzegeDWJHJIAmTLRP2DwHjdF5s7jo9tuztdQxAhINCdvS+3nGINqPd00AphqJR/0LhANUS6/+7SCb98YOfA=="],

    "yargs": ["yargs@18.2.0", "", { "dependencies": { "cliui": "^9.0.1", "escalade": "^3.1.1", "get-caller-file": "^2.0.5", "string-width": "^8.2.1", "y18n": "^5.0.5", "yargs-parser": "^22.0.0" } }, "sha512-9OpKOLeaoNFecEp7P6iYbzze/5CqWoH7N3SMs/6y1XF4nMvFMspEGZzJ6uFi9MmQwXhyzqYoSEKO3tvA3Z/o2w=="],

    "yargs-parser": ["yargs-parser@22.0.0", "", {}, "sha512-rwu/ClNdSMpkSrUb+d6BRsSkLUq1fmfsY6TOpYzTwvwkg1/NRG85KBy3kq++A8LKQwX6lsu+aWad+2khvuXrqw=="],

    "cliui/string-width": ["string-width@7.2.0", "", { "dependencies": { "emoji-regex": "^10.3.0", "get-east-asian-width": "^1.0.0", "strip-ansi": "^7.1.0" } }, "sha512-tsaTIkKW9b4N+AEj+SVA+WhJzV7/zMhcSu78mLKWSk7cXMOSHsBKFWUs0fWwq8QyK3MgJBQRX6Gbi4kYbdvGkQ=="],

    "import-fresh/resolve-from": ["resolve-from@4.0.0", "", {}, "sha512-pb/MYmXstAkysRFx8piNI1tGFNQIFA3vkE3Gq4EuA1dF6gHp/+vgZqsCGJapvy8N3Q+4o7FwvquPJcnZ7RYy4g=="],

    "wrap-ansi/string-width": ["string-width@7.2.0", "", { "dependencies": { "emoji-regex": "^10.3.0", "get-east-asian-width": "^1.0.0", "strip-ansi": "^7.1.0" } }, "sha512-tsaTIkKW9b4N+AEj+SVA+WhJzV7/zMhcSu78mLKWSk7cXMOSHsBKFWUs0fWwq8QyK3MgJBQRX6Gbi4kYbdvGkQ=="],
  }
}
